
Microsoft Visual Studio Solution File, Format Version 12.00
# Visual Studio Version 16
VisualStudioVersion = 16.0.30907.101
MinimumVisualStudioVersion = 10.0.40219.1
Project("{FAE04EC0-301F-11D3-BF4B-00C04F79EFBC}") = "Banking Program", "Banking Program.csproj", "{A9E10537-B2E2-4D45-B352-968427F39895}"
EndProject
Global
	GlobalSection(SolutionConfigurationPlatforms) = preSolution
		Debug|Any CPU = Debug|Any CPU
		Release|Any CPU = Release|Any CPU
	EndGlobalSection
	GlobalSection(ProjectConfigurationPlatforms) = postSolution
		{A9E10537-B2E2-4D45-B352-968427F39895}.Debug|Any CPU.ActiveCfg = Debug|Any CPU
		{A9E10537-B2E2-4D45-B352-968427F39895}.Debug|Any CPU.Build.0 = Debug|Any CPU
		{A9E10537-B2E2-4D45-B352-968427F39895}.Release|Any CPU.ActiveCfg = Release|Any CPU
		{A9E10537-B2E2-4D45-B352-968427F39895}.Release|Any CPU.Build.0 = Release|Any CPU
	EndGlobalSection
	GlobalSection(SolutionProperties) = preSolution
		HideSolutionNode = FALSE
	EndGlobalSection
	GlobalSection(ExtensibilityGlobals) = postSolution
		SolutionGuid = {31384758-EF2B-4F3D-AE19-55BD95C0845F}
	EndGlobalSection
EndGlobal
